// !$*UTF8*$!
{
	archiveVersion = 1;
	classes = {
	};
	objectVersion = 46;
	objects = {

/* Begin PBXBuildFile section */
		4FB737941D9C827800D0B326 /* AppDelegate.swift in Sources */ = {isa = PBXBuildFile; fileRef = 4FB737931D9C827800D0B326 /* AppDelegate.swift */; };
		4FB737961D9C827800D0B326 /* ViewController.swift in Sources */ = {isa = PBXBuildFile; fileRef = 4FB737951D9C827800D0B326 /* ViewController.swift */; };
		4FB737991D9C827800D0B326 /* Main.storyboard in Resources */ = {isa = PBXBuildFile; fileRef = 4FB737971D9C827800D0B326 /* Main.storyboard */; };
		4FB7379B1D9C827800D0B326 /* Assets.xcassets in Resources */ = {isa = PBXBuildFile; fileRef = 4FB7379A1D9C827800D0B326 /* Assets.xcassets */; };
		4FB7379E1D9C827800D0B326 /* LaunchScreen.storyboard in Resources */ = {isa = PBXBuildFile; fileRef = 4FB7379C1D9C827800D0B326 /* LaunchScreen.storyboard */; };
		4FB737A91D9C827800D0B326 /* CoreTests.swift in Sources */ = {isa = PBXBuildFile; fileRef = 4FB737A81D9C827800D0B326 /* CoreTests.swift */; };
		A268E6DD81C6F8172B28F4CA /* Pods_CoreTests.framework in Frameworks */ = {isa = PBXBuildFile; fileRef = 5971AF2805C8D830DC64D6AA /* Pods_CoreTests.framework */; };
		C3D5A41A9833684EF4DD49F2 /* Pods_Core.framework in Frameworks */ = {isa = PBXBuildFile; fileRef = 51B9FC416ADC55337CF2048D /* Pods_Core.framework */; };
/* End PBXBuildFile section */

/* Begin PBXContainerItemProxy section */
		4FB737A51D9C827800D0B326 /* PBXContainerItemProxy */ = {
			isa = PBXContainerItemProxy;
			containerPortal = 4FB737881D9C827800D0B326 /* Project object */;
			proxyType = 1;
			remoteGlobalIDString = 4FB7378F1D9C827800D0B326;
			remoteInfo = Core;
		};
/* End PBXContainerItemProxy section */

/* Begin PBXCopyFilesBuildPhase section */
		4FB737D21D9C830100D0B326 /* Embed Frameworks */ = {
			isa = PBXCopyFilesBuildPhase;
			buildActionMask = 2147483647;
			dstPath = "";
			dstSubfolderSpec = 10;
			files = (
			);
			name = "Embed Frameworks";
			runOnlyForDeploymentPostprocessing = 0;
		};
/* End PBXCopyFilesBuildPhase section */

/* Begin PBXFileReference section */
		2055771DBC4A6D412D5EFAB2 /* Pods-CoreTests.release.xcconfig */ = {isa = PBXFileReference; includeInIndex = 1; lastKnownFileType = text.xcconfig; name = "Pods-CoreTests.release.xcconfig"; path = "Pods/Target Support Files/Pods-CoreTests/Pods-CoreTests.release.xcconfig"; sourceTree = "<group>"; };
		2C3271661D8DA0152B9A93E6 /* Pods-Core.release.xcconfig */ = {isa = PBXFileReference; includeInIndex = 1; lastKnownFileType = text.xcconfig; name = "Pods-Core.release.xcconfig"; path = "Pods/Target Support Files/Pods-Core/Pods-Core.release.xcconfig"; sourceTree = "<group>"; };
		4FB737901D9C827800D0B326 /* Core.app */ = {isa = PBXFileReference; explicitFileType = wrapper.application; includeInIndex = 0; path = Core.app; sourceTree = BUILT_PRODUCTS_DIR; };
		4FB737931D9C827800D0B326 /* AppDelegate.swift */ = {isa = PBXFileReference; lastKnownFileType = sourcecode.swift; path = AppDelegate.swift; sourceTree = "<group>"; };
		4FB737951D9C827800D0B326 /* ViewController.swift */ = {isa = PBXFileReference; lastKnownFileType = sourcecode.swift; path = ViewController.swift; sourceTree = "<group>"; };
		4FB737981D9C827800D0B326 /* Base */ = {isa = PBXFileReference; lastKnownFileType = file.storyboard; name = Base; path = Base.lproj/Main.storyboard; sourceTree = "<group>"; };
		4FB7379A1D9C827800D0B326 /* Assets.xcassets */ = {isa = PBXFileReference; lastKnownFileType = folder.assetcatalog; path = Assets.xcassets; sourceTree = "<group>"; };
		4FB7379D1D9C827800D0B326 /* Base */ = {isa = PBXFileReference; lastKnownFileType = file.storyboard; name = Base; path = Base.lproj/LaunchScreen.storyboard; sourceTree = "<group>"; };
		4FB7379F1D9C827800D0B326 /* Info.plist */ = {isa = PBXFileReference; lastKnownFileType = text.plist.xml; path = Info.plist; sourceTree = "<group>"; };
		4FB737A41D9C827800D0B326 /* CoreTests.xctest */ = {isa = PBXFileReference; explicitFileType = wrapper.cfbundle; includeInIndex = 0; path = CoreTests.xctest; sourceTree = BUILT_PRODUCTS_DIR; };
		4FB737A81D9C827800D0B326 /* CoreTests.swift */ = {isa = PBXFileReference; lastKnownFileType = sourcecode.swift; path = CoreTests.swift; sourceTree = "<group>"; };
		4FB737AA1D9C827800D0B326 /* Info.plist */ = {isa = PBXFileReference; lastKnownFileType = text.plist.xml; path = Info.plist; sourceTree = "<group>"; };
		51B9FC416ADC55337CF2048D /* Pods_Core.framework */ = {isa = PBXFileReference; explicitFileType = wrapper.framework; includeInIndex = 0; path = Pods_Core.framework; sourceTree = BUILT_PRODUCTS_DIR; };
		5971AF2805C8D830DC64D6AA /* Pods_CoreTests.framework */ = {isa = PBXFileReference; explicitFileType = wrapper.framework; includeInIndex = 0; path = Pods_CoreTests.framework; sourceTree = BUILT_PRODUCTS_DIR; };
		A861692B7D0277B75DC324D4 /* Pods-CoreTests.debug.xcconfig */ = {isa = PBXFileReference; includeInIndex = 1; lastKnownFileType = text.xcconfig; name = "Pods-CoreTests.debug.xcconfig"; path = "Pods/Target Support Files/Pods-CoreTests/Pods-CoreTests.debug.xcconfig"; sourceTree = "<group>"; };
		C01162C65874F490C946E3D6 /* Pods-Core.debug.xcconfig */ = {isa = PBXFileReference; includeInIndex = 1; lastKnownFileType = text.xcconfig; name = "Pods-Core.debug.xcconfig"; path = "Pods/Target Support Files/Pods-Core/Pods-Core.debug.xcconfig"; sourceTree = "<group>"; };
/* End PBXFileReference section */

/* Begin PBXFrameworksBuildPhase section */
		4FB7378D1D9C827800D0B326 /* Frameworks */ = {
			isa = PBXFrameworksBuildPhase;
			buildActionMask = 2147483647;
			files = (
				C3D5A41A9833684EF4DD49F2 /* Pods_Core.framework in Frameworks */,
			);
			runOnlyForDeploymentPostprocessing = 0;
		};
		4FB737A11D9C827800D0B326 /* Frameworks */ = {
			isa = PBXFrameworksBuildPhase;
			buildActionMask = 2147483647;
			files = (
				A268E6DD81C6F8172B28F4CA /* Pods_CoreTests.framework in Frameworks */,
			);
			runOnlyForDeploymentPostprocessing = 0;
		};
/* End PBXFrameworksBuildPhase section */

/* Begin PBXGroup section */
		4FB737871D9C827800D0B326 = {
			isa = PBXGroup;
			children = (
				4FB737921D9C827800D0B326 /* Core */,
				4FB737A71D9C827800D0B326 /* CoreTests */,
				4FB737911D9C827800D0B326 /* Products */,
				5522BF67F4565216D66D4A3D /* Pods */,
				6E511A40E4FE7B82D920A0AB /* Frameworks */,
			);
			sourceTree = "<group>";
		};
		4FB737911D9C827800D0B326 /* Products */ = {
			isa = PBXGroup;
			children = (
				4FB737901D9C827800D0B326 /* Core.app */,
				4FB737A41D9C827800D0B326 /* CoreTests.xctest */,
			);
			name = Products;
			sourceTree = "<group>";
		};
		4FB737921D9C827800D0B326 /* Core */ = {
			isa = PBXGroup;
			children = (
				4FB737931D9C827800D0B326 /* AppDelegate.swift */,
				4FB737951D9C827800D0B326 /* ViewController.swift */,
				4FB737971D9C827800D0B326 /* Main.storyboard */,
				4FB7379A1D9C827800D0B326 /* Assets.xcassets */,
				4FB7379C1D9C827800D0B326 /* LaunchScreen.storyboard */,
				4FB7379F1D9C827800D0B326 /* Info.plist */,
			);
			path = Core;
			sourceTree = "<group>";
		};
		4FB737A71D9C827800D0B326 /* CoreTests */ = {
			isa = PBXGroup;
			children = (
				4FB737A81D9C827800D0B326 /* CoreTests.swift */,
				4FB737AA1D9C827800D0B326 /* Info.plist */,
			);
			path = CoreTests;
			sourceTree = "<group>";
		};
		5522BF67F4565216D66D4A3D /* Pods */ = {
			isa = PBXGroup;
			children = (
				C01162C65874F490C946E3D6 /* Pods-Core.debug.xcconfig */,
				2C3271661D8DA0152B9A93E6 /* Pods-Core.release.xcconfig */,
				A861692B7D0277B75DC324D4 /* Pods-CoreTests.debug.xcconfig */,
				2055771DBC4A6D412D5EFAB2 /* Pods-CoreTests.release.xcconfig */,
			);
			name = Pods;
			sourceTree = "<group>";
		};
		6E511A40E4FE7B82D920A0AB /* Frameworks */ = {
			isa = PBXGroup;
			children = (
				51B9FC416ADC55337CF2048D /* Pods_Core.framework */,
				5971AF2805C8D830DC64D6AA /* Pods_CoreTests.framework */,
			);
			name = Frameworks;
			sourceTree = "<group>";
		};
/* End PBXGroup section */

/* Begin PBXNativeTarget section */
		4FB7378F1D9C827800D0B326 /* Core */ = {
			isa = PBXNativeTarget;
			buildConfigurationList = 4FB737AD1D9C827800D0B326 /* Build configuration list for PBXNativeTarget "Core" */;
			buildPhases = (
				5AF07A637CBC12B260C27A08 /* [CP] Check Pods Manifest.lock */,
				4FB7378C1D9C827800D0B326 /* Sources */,
				4FB7378D1D9C827800D0B326 /* Frameworks */,
				4FB7378E1D9C827800D0B326 /* Resources */,
				4FB737D21D9C830100D0B326 /* Embed Frameworks */,
				25D3310DE1900CAE910AD136 /* [CP] Embed Pods Frameworks */,
				D1CF20E5D14FC6994FE19601 /* [CP] Copy Pods Resources */,
			);
			buildRules = (
			);
			dependencies = (
			);
			name = Core;
			productName = Core;
			productReference = 4FB737901D9C827800D0B326 /* Core.app */;
			productType = "com.apple.product-type.application";
		};
		4FB737A31D9C827800D0B326 /* CoreTests */ = {
			isa = PBXNativeTarget;
			buildConfigurationList = 4FB737B01D9C827800D0B326 /* Build configuration list for PBXNativeTarget "CoreTests" */;
			buildPhases = (
				DC249F791B725D04586763CF /* [CP] Check Pods Manifest.lock */,
				4FB737A01D9C827800D0B326 /* Sources */,
				4FB737A11D9C827800D0B326 /* Frameworks */,
				4FB737A21D9C827800D0B326 /* Resources */,
				A9A8713204DCDF2ED1F03AB8 /* [CP] Embed Pods Frameworks */,
				C2EC91677E1BBA181E4AD5F6 /* [CP] Copy Pods Resources */,
			);
			buildRules = (
			);
			dependencies = (
				4FB737A61D9C827800D0B326 /* PBXTargetDependency */,
			);
			name = CoreTests;
			productName = CoreTests;
			productReference = 4FB737A41D9C827800D0B326 /* CoreTests.xctest */;
			productType = "com.apple.product-type.bundle.unit-test";
		};
/* End PBXNativeTarget section */

/* Begin PBXProject section */
		4FB737881D9C827800D0B326 /* Project object */ = {
			isa = PBXProject;
			attributes = {
				LastSwiftUpdateCheck = 0800;
				LastUpgradeCheck = 0800;
				ORGANIZATIONNAME = "Solstice Mobile";
				TargetAttributes = {
					4FB7378F1D9C827800D0B326 = {
						CreatedOnToolsVersion = 8.0;
						DevelopmentTeam = NF856H64DK;
						ProvisioningStyle = Automatic;
					};
					4FB737A31D9C827800D0B326 = {
						CreatedOnToolsVersion = 8.0;
						ProvisioningStyle = Automatic;
						TestTargetID = 4FB7378F1D9C827800D0B326;
					};
				};
			};
			buildConfigurationList = 4FB7378B1D9C827800D0B326 /* Build configuration list for PBXProject "Core" */;
			compatibilityVersion = "Xcode 3.2";
			developmentRegion = English;
			hasScannedForEncodings = 0;
			knownRegions = (
				en,
				Base,
			);
			mainGroup = 4FB737871D9C827800D0B326;
			productRefGroup = 4FB737911D9C827800D0B326 /* Products */;
			projectDirPath = "";
			projectRoot = "";
			targets = (
				4FB7378F1D9C827800D0B326 /* Core */,
				4FB737A31D9C827800D0B326 /* CoreTests */,
			);
		};
/* End PBXProject section */

/* Begin PBXResourcesBuildPhase section */
		4FB7378E1D9C827800D0B326 /* Resources */ = {
			isa = PBXResourcesBuildPhase;
			buildActionMask = 2147483647;
			files = (
				4FB7379E1D9C827800D0B326 /* LaunchScreen.storyboard in Resources */,
				4FB7379B1D9C827800D0B326 /* Assets.xcassets in Resources */,
				4FB737991D9C827800D0B326 /* Main.storyboard in Resources */,
			);
			runOnlyForDeploymentPostprocessing = 0;
		};
		4FB737A21D9C827800D0B326 /* Resources */ = {
			isa = PBXResourcesBuildPhase;
			buildActionMask = 2147483647;
			files = (
			);
			runOnlyForDeploymentPostprocessing = 0;
		};
/* End PBXResourcesBuildPhase section */

/* Begin PBXShellScriptBuildPhase section */
		25D3310DE1900CAE910AD136 /* [CP] Embed Pods Frameworks */ = {
			isa = PBXShellScriptBuildPhase;
			buildActionMask = 2147483647;
			files = (
			);
			inputPaths = (
			);
			name = "[CP] Embed Pods Frameworks";
			outputPaths = (
			);
			runOnlyForDeploymentPostprocessing = 0;
			shellPath = /bin/sh;
			shellScript = "\"${SRCROOT}/Pods/Target Support Files/Pods-Core/Pods-Core-frameworks.sh\"\n";
			showEnvVarsInLog = 0;
		};
		5AF07A637CBC12B260C27A08 /* [CP] Check Pods Manifest.lock */ = {
			isa = PBXShellScriptBuildPhase;
			buildActionMask = 2147483647;
			files = (
			);
			inputPaths = (
			);
			name = "[CP] Check Pods Manifest.lock";
			outputPaths = (
			);
			runOnlyForDeploymentPostprocessing = 0;
			shellPath = /bin/sh;
			shellScript = "diff \"${PODS_ROOT}/../Podfile.lock\" \"${PODS_ROOT}/Manifest.lock\" > /dev/null\nif [ $? != 0 ] ; then\n    # print error to STDERR\n    echo \"error: The sandbox is not in sync with the Podfile.lock. Run 'pod install' or update your CocoaPods installation.\" >&2\n    exit 1\nfi\n";
			showEnvVarsInLog = 0;
		};
		A9A8713204DCDF2ED1F03AB8 /* [CP] Embed Pods Frameworks */ = {
			isa = PBXShellScriptBuildPhase;
			buildActionMask = 2147483647;
			files = (
			);
			inputPaths = (
			);
			name = "[CP] Embed Pods Frameworks";
			outputPaths = (
			);
			runOnlyForDeploymentPostprocessing = 0;
			shellPath = /bin/sh;
			shellScript = "\"${SRCROOT}/Pods/Target Support Files/Pods-CoreTests/Pods-CoreTests-frameworks.sh\"\n";
			showEnvVarsInLog = 0;
		};
		C2EC91677E1BBA181E4AD5F6 /* [CP] Copy Pods Resources */ = {
			isa = PBXShellScriptBuildPhase;
			buildActionMask = 2147483647;
			files = (
			);
			inputPaths = (
			);
			name = "[CP] Copy Pods Resources";
			outputPaths = (
			);
			runOnlyForDeploymentPostprocessing = 0;
			shellPath = /bin/sh;
			shellScript = "\"${SRCROOT}/Pods/Target Support Files/Pods-CoreTests/Pods-CoreTests-resources.sh\"\n";
			showEnvVarsInLog = 0;
		};
		D1CF20E5D14FC6994FE19601 /* [CP] Copy Pods Resources */ = {
			isa = PBXShellScriptBuildPhase;
			buildActionMask = 2147483647;
			files = (
			);
			inputPaths = (
			);
			name = "[CP] Copy Pods Resources";
			outputPaths = (
			);
			runOnlyForDeploymentPostprocessing = 0;
			shellPath = /bin/sh;
			shellScript = "\"${SRCROOT}/Pods/Target Support Files/Pods-Core/Pods-Core-resources.sh\"\n";
			showEnvVarsInLog = 0;
		};
		DC249F791B725D04586763CF /* [CP] Check Pods Manifest.lock */ = {
			isa = PBXShellScriptBuildPhase;
			buildActionMask = 2147483647;
			files = (
			);
			inputPaths = (
			);
			name = "[CP] Check Pods Manifest.lock";
			outputPaths = (
			);
			runOnlyForDeploymentPostprocessing = 0;
			shellPath = /bin/sh;
			shellScript = "diff \"${PODS_ROOT}/../Podfile.lock\" \"${PODS_ROOT}/Manifest.lock\" > /dev/null\nif [ $? != 0 ] ; then\n    # print error to STDERR\n    echo \"error: The sandbox is not in sync with the Podfile.lock. Run 'pod install' or update your CocoaPods installation.\" >&2\n    exit 1\nfi\n";
			showEnvVarsInLog = 0;
		};
/* End PBXShellScriptBuildPhase section */

/* Begin PBXSourcesBuildPhase section */
		4FB7378C1D9C827800D0B326 /* Sources */ = {
			isa = PBXSourcesBuildPhase;
			buildActionMask = 2147483647;
			files = (
				4FB737961D9C827800D0B326 /* ViewController.swift in Sources */,
				4FB737941D9C827800D0B326 /* AppDelegate.swift in Sources */,
			);
			runOnlyForDeploymentPostprocessing = 0;
		};
		4FB737A01D9C827800D0B326 /* Sources */ = {
			isa = PBXSourcesBuildPhase;
			buildActionMask = 2147483647;
			files = (
				4FB737A91D9C827800D0B326 /* CoreTests.swift in Sources */,
			);
			runOnlyForDeploymentPostprocessing = 0;
		};
/* End PBXSourcesBuildPhase section */

/* Begin PBXTargetDependency section */
		4FB737A61D9C827800D0B326 /* PBXTargetDependency */ = {
			isa = PBXTargetDependency;
			target = 4FB7378F1D9C827800D0B326 /* Core */;
			targetProxy = 4FB737A51D9C827800D0B326 /* PBXContainerItemProxy */;
		};
/* End PBXTargetDependency section */

/* Begin PBXVariantGroup section */
		4FB737971D9C827800D0B326 /* Main.storyboard */ = {
			isa = PBXVariantGroup;
			children = (
				4FB737981D9C827800D0B326 /* Base */,
			);
			name = Main.storyboard;
			sourceTree = "<group>";
		};
		4FB7379C1D9C827800D0B326 /* LaunchScreen.storyboard */ = {
			isa = PBXVariantGroup;
			children = (
				4FB7379D1D9C827800D0B326 /* Base */,
			);
			name = LaunchScreen.storyboard;
			sourceTree = "<group>";
		};
/* End PBXVariantGroup section */

/* Begin XCBuildConfiguration section */
		4FB737AB1D9C827800D0B326 /* Debug */ = {
			isa = XCBuildConfiguration;
			buildSettings = {
				ALWAYS_SEARCH_USER_PATHS = NO;
				CLANG_ANALYZER_NONNULL = YES;
				CLANG_CXX_LANGUAGE_STANDARD = "gnu++0x";
				CLANG_CXX_LIBRARY = "libc++";
				CLANG_ENABLE_MODULES = YES;
				CLANG_ENABLE_OBJC_ARC = YES;
				CLANG_WARN_BOOL_CONVERSION = YES;
				CLANG_WARN_CONSTANT_CONVERSION = YES;
				CLANG_WARN_DIRECT_OBJC_ISA_USAGE = YES_ERROR;
				CLANG_WARN_DOCUMENTATION_COMMENTS = YES;
				CLANG_WARN_EMPTY_BODY = YES;
				CLANG_WARN_ENUM_CONVERSION = YES;
				CLANG_WARN_INFINITE_RECURSION = YES;
				CLANG_WARN_INT_CONVERSION = YES;
				CLANG_WARN_OBJC_ROOT_CLASS = YES_ERROR;
				CLANG_WARN_SUSPICIOUS_MOVES = YES;
				CLANG_WARN_UNREACHABLE_CODE = YES;
				CLANG_WARN__DUPLICATE_METHOD_MATCH = YES;
				"CODE_SIGN_IDENTITY[sdk=iphoneos*]" = "iPhone Developer";
				COPY_PHASE_STRIP = NO;
				DEBUG_INFORMATION_FORMAT = dwarf;
				ENABLE_STRICT_OBJC_MSGSEND = YES;
				ENABLE_TESTABILITY = YES;
				GCC_C_LANGUAGE_STANDARD = gnu99;
				GCC_DYNAMIC_NO_PIC = NO;
				GCC_NO_COMMON_BLOCKS = YES;
				GCC_OPTIMIZATION_LEVEL = 0;
				GCC_PREPROCESSOR_DEFINITIONS = (
					"DEBUG=1",
					"$(inherited)",
				);
				GCC_WARN_64_TO_32_BIT_CONVERSION = YES;
				GCC_WARN_ABOUT_RETURN_TYPE = YES_ERROR;
				GCC_WARN_UNDECLARED_SELECTOR = YES;
				GCC_WARN_UNINITIALIZED_AUTOS = YES_AGGRESSIVE;
				GCC_WARN_UNUSED_FUNCTION = YES;
				GCC_WARN_UNUSED_VARIABLE = YES;
				IPHONEOS_DEPLOYMENT_TARGET = 10.0;
				MTL_ENABLE_DEBUG_INFO = YES;
				ONLY_ACTIVE_ARCH = YES;
				SDKROOT = iphoneos;
				SWIFT_ACTIVE_COMPILATION_CONDITIONS = DEBUG;
				SWIFT_OPTIMIZATION_LEVEL = "-Onone";
				TARGETED_DEVICE_FAMILY = "1,2";
			};
			name = Debug;
		};
		4FB737AC1D9C827800D0B326 /* Release */ = {
			isa = XCBuildConfiguration;
			buildSettings = {
				ALWAYS_SEARCH_USER_PATHS = NO;
				CLANG_ANALYZER_NONNULL = YES;
				CLANG_CXX_LANGUAGE_STANDARD = "gnu++0x";
				CLANG_CXX_LIBRARY = "libc++";
				CLANG_ENABLE_MODULES = YES;
				CLANG_ENABLE_OBJC_ARC = YES;
				CLANG_WARN_BOOL_CONVERSION = YES;
				CLANG_WARN_CONSTANT_CONVERSION = YES;
				CLANG_WARN_DIRECT_OBJC_ISA_USAGE = YES_ERROR;
				CLANG_WARN_DOCUMENTATION_COMMENTS = YES;
				CLANG_WARN_EMPTY_BODY = YES;
				CLANG_WARN_ENUM_CONVERSION = YES;
				CLANG_WARN_INFINITE_RECURSION = YES;
				CLANG_WARN_INT_CONVERSION = YES;
				CLANG_WARN_OBJC_ROOT_CLASS = YES_ERROR;
				CLANG_WARN_SUSPICIOUS_MOVES = YES;
				CLANG_WARN_UNREACHABLE_CODE = YES;
				CLANG_WARN__DUPLICATE_METHOD_MATCH = YES;
				"CODE_SIGN_IDENTITY[sdk=iphoneos*]" = "iPhone Developer";
				COPY_PHASE_STRIP = NO;
				DEBUG_INFORMATION_FORMAT = "dwarf-with-dsym";
				ENABLE_NS_ASSERTIONS = NO;
				ENABLE_STRICT_OBJC_MSGSEND = YES;
				GCC_C_LANGUAGE_STANDARD = gnu99;
				GCC_NO_COMMON_BLOCKS = YES;
				GCC_WARN_64_TO_32_BIT_CONVERSION = YES;
				GCC_WARN_ABOUT_RETURN_TYPE = YES_ERROR;
				GCC_WARN_UNDECLARED_SELECTOR = YES;
				GCC_WARN_UNINITIALIZED_AUTOS = YES_AGGRESSIVE;
				GCC_WARN_UNUSED_FUNCTION = YES;
				GCC_WARN_UNUSED_VARIABLE = YES;
				IPHONEOS_DEPLOYMENT_TARGET = 10.0;
				MTL_ENABLE_DEBUG_INFO = NO;
				SDKROOT = iphoneos;
				SWIFT_OPTIMIZATION_LEVEL = "-Owholemodule";
				TARGETED_DEVICE_FAMILY = "1,2";
				VALIDATE_PRODUCT = YES;
			};
			name = Release;
		};
		4FB737AE1D9C827800D0B326 /* Debug */ = {
			isa = XCBuildConfiguration;
			baseConfigurationReference = C01162C65874F490C946E3D6 /* Pods-Core.debug.xcconfig */;
			buildSettings = {
				ASSETCATALOG_COMPILER_APPICON_NAME = AppIcon;
				DEVELOPMENT_TEAM = NF856H64DK;
				INFOPLIST_FILE = Core/Info.plist;
				LD_RUNPATH_SEARCH_PATHS = "$(inherited) @executable_path/Frameworks";
				PRODUCT_BUNDLE_IDENTIFIER = Solstice.Core;
				PRODUCT_NAME = "$(TARGET_NAME)";
				SWIFT_VERSION = 3.0;
			};
			name = Debug;
		};
		4FB737AF1D9C827800D0B326 /* Release */ = {
			isa = XCBuildConfiguration;
			baseConfigurationReference = 2C3271661D8DA0152B9A93E6 /* Pods-Core.release.xcconfig */;
			buildSettings = {
				ASSETCATALOG_COMPILER_APPICON_NAME = AppIcon;
				DEVELOPMENT_TEAM = NF856H64DK;
				INFOPLIST_FILE = Core/Info.plist;
				LD_RUNPATH_SEARCH_PATHS = "$(inherited) @executable_path/Frameworks";
				PRODUCT_BUNDLE_IDENTIFIER = Solstice.Core;
				PRODUCT_NAME = "$(TARGET_NAME)";
				SWIFT_VERSION = 3.0;
			};
			name = Release;
		};
		4FB737B11D9C827800D0B326 /* Debug */ = {
			isa = XCBuildConfiguration;
			baseConfigurationReference = A861692B7D0277B75DC324D4 /* Pods-CoreTests.debug.xcconfig */;
			buildSettings = {
				ALWAYS_EMBED_SWIFT_STANDARD_LIBRARIES = YES;
				BUNDLE_LOADER = "$(TEST_HOST)";
				INFOPLIST_FILE = CoreTests/Info.plist;
				LD_RUNPATH_SEARCH_PATHS = "$(inherited) @executable_path/Frameworks @loader_path/Frameworks";
				PRODUCT_BUNDLE_IDENTIFIER = Solstice.CoreTests;
				PRODUCT_NAME = "$(TARGET_NAME)";
				SWIFT_VERSION = 3.0;
				TEST_HOST = "$(BUILT_PRODUCTS_DIR)/Core.app/Core";
			};
			name = Debug;
		};
		4FB737B21D9C827800D0B326 /* Release */ = {
			isa = XCBuildConfiguration;
			baseConfigurationReference = 2055771DBC4A6D412D5EFAB2 /* Pods-CoreTests.release.xcconfig */;
			buildSettings = {
				ALWAYS_EMBED_SWIFT_STANDARD_LIBRARIES = YES;
				BUNDLE_LOADER = "$(TEST_HOST)";
				INFOPLIST_FILE = CoreTests/Info.plist;
				LD_RUNPATH_SEARCH_PATHS = "$(inherited) @executable_path/Frameworks @loader_path/Frameworks";
				PRODUCT_BUNDLE_IDENTIFIER = Solstice.CoreTests;
				PRODUCT_NAME = "$(TARGET_NAME)";
				SWIFT_VERSION = 3.0;
				TEST_HOST = "$(BUILT_PRODUCTS_DIR)/Core.app/Core";
			};
			name = Release;
		};
/* End XCBuildConfiguration section */

/* Begin XCConfigurationList section */
		4FB7378B1D9C827800D0B326 /* Build configuration list for PBXProject "Core" */ = {
			isa = XCConfigurationList;
			buildConfigurations = (
				4FB737AB1D9C827800D0B326 /* Debug */,
				4FB737AC1D9C827800D0B326 /* Release */,
			);
			defaultConfigurationIsVisible = 0;
			defaultConfigurationName = Release;
		};
		4FB737AD1D9C827800D0B326 /* Build configuration list for PBXNativeTarget "Core" */ = {
			isa = XCConfigurationList;
			buildConfigurations = (
				4FB737AE1D9C827800D0B326 /* Debug */,
				4FB737AF1D9C827800D0B326 /* Release */,
			);
			defaultConfigurationIsVisible = 0;
			defaultConfigurationName = Release;
		};
		4FB737B01D9C827800D0B326 /* Build configuration list for PBXNativeTarget "CoreTests" */ = {
			isa = XCConfigurationList;
			buildConfigurations = (
				4FB737B11D9C827800D0B326 /* Debug */,
				4FB737B21D9C827800D0B326 /* Release */,
			);
			defaultConfigurationIsVisible = 0;
			defaultConfigurationName = Release;
		};
/* End XCConfigurationList section */
	};
	rootObject = 4FB737881D9C827800D0B326 /* Project object */;
}
